
Microsoft Visual Studio Solution File, Format Version 12.00
# Visual Studio 2013
VisualStudioVersion = 12.0.31101.0
MinimumVisualStudioVersion = 10.0.40219.1
Project("{FAE04EC0-301F-11D3-BF4B-00C04F79EFBC}") = "远程桌面管理", "远程桌面管理\远程桌面管理.csproj", "{24E9A4DF-D14B-433A-870A-E3A44D64EDB5}"
EndProject
Global
	GlobalSection(TeamFoundationVersionControl) = preSolution
		SccNumberOfProjects = 2
		SccEnterpriseProvider = {4CA58AB2-18FA-4F8D-95D4-32DDF27D184C}
		SccTeamFoundationServer = http://192.168.0.2:8080/tfs/%E5%86%9B%E5%8D%9A
		SccLocalPath0 = .
		SccProjectUniqueName1 = 远程桌面管理\\远程桌面管理.csproj
		SccProjectName1 = 远程桌面管理
		SccLocalPath1 = 远程桌面管理
	EndGlobalSection
	GlobalSection(SolutionConfigurationPlatforms) = preSolution
		Debug|Any CPU = Debug|Any CPU
		Release|Any CPU = Release|Any CPU
	EndGlobalSection
	GlobalSection(ProjectConfigurationPlatforms) = postSolution
		{24E9A4DF-D14B-433A-870A-E3A44D64EDB5}.Debug|Any CPU.ActiveCfg = Debug|Any CPU
		{24E9A4DF-D14B-433A-870A-E3A44D64EDB5}.Debug|Any CPU.Build.0 = Debug|Any CPU
		{24E9A4DF-D14B-433A-870A-E3A44D64EDB5}.Release|Any CPU.ActiveCfg = Release|Any CPU
		{24E9A4DF-D14B-433A-870A-E3A44D64EDB5}.Release|Any CPU.Build.0 = Release|Any CPU
	EndGlobalSection
	GlobalSection(SolutionProperties) = preSolution
		HideSolutionNode = FALSE
	EndGlobalSection
EndGlobal
